// !$*UTF8*$!
{
	archiveVersion = 1;
	classes = {
	};
	objectVersion = 48;
	objects = {

/* Begin PBXBuildFile section */
		03159CA9207743DB00402179 /* LFNoDataView.xib in Resources */ = {isa = PBXBuildFile; fileRef = 03159CA6207743DB00402179 /* LFNoDataView.xib */; };
		03159CAA207743DB00402179 /* LFNoDataView.m in Sources */ = {isa = PBXBuildFile; fileRef = 03159CA7207743DB00402179 /* LFNoDataView.m */; };
		03159CAD20774CC000402179 /* LFFeedbackDetailViewController.m in Sources */ = {isa = PBXBuildFile; fileRef = 03159CAC20774CC000402179 /* LFFeedbackDetailViewController.m */; };
		03159CB02077507000402179 /* LFExamineDetailViewController.m in Sources */ = {isa = PBXBuildFile; fileRef = 03159CAF2077507000402179 /* LFExamineDetailViewController.m */; };
		03159CB4207751E100402179 /* LFExamineDetailModel.m in Sources */ = {isa = PBXBuildFile; fileRef = 03159CB3207751E100402179 /* LFExamineDetailModel.m */; };
		03159CB8207751FC00402179 /* LFExamineViewModel.m in Sources */ = {isa = PBXBuildFile; fileRef = 03159CB7207751FC00402179 /* LFExamineViewModel.m */; };
		03159CBC2077558400402179 /* LFExamineTool.m in Sources */ = {isa = PBXBuildFile; fileRef = 03159CBB2077558400402179 /* LFExamineTool.m */; };
		03159CC420777B9D00402179 /* LFFaultModel.m in Sources */ = {isa = PBXBuildFile; fileRef = 03159CC320777B9D00402179 /* LFFaultModel.m */; };
		03159CC720777BAF00402179 /* LFFeedbackViewModel.m in Sources */ = {isa = PBXBuildFile; fileRef = 03159CC620777BAF00402179 /* LFFeedbackViewModel.m */; };
		03159CCA20778A7800402179 /* LFSolutionViewController.m in Sources */ = {isa = PBXBuildFile; fileRef = 03159CC920778A7800402179 /* LFSolutionViewController.m */; };
		03159CCD2077BDDB00402179 /* LFSolutionModel.m in Sources */ = {isa = PBXBuildFile; fileRef = 03159CCC2077BDDB00402179 /* LFSolutionModel.m */; };
		03159CD12077C03300402179 /* LFSolutionCell.m in Sources */ = {isa = PBXBuildFile; fileRef = 03159CCF2077C03300402179 /* LFSolutionCell.m */; };
		03159CD22077C03300402179 /* LFSolutionCell.xib in Resources */ = {isa = PBXBuildFile; fileRef = 03159CD02077C03300402179 /* LFSolutionCell.xib */; };
		0338DE482073C39C00D53D53 /* LFMessageDetailViewController.m in Sources */ = {isa = PBXBuildFile; fileRef = 0338DE472073C39C00D53D53 /* LFMessageDetailViewController.m */; };
		0338DE4E2073C98100D53D53 /* LFRepairViewController.m in Sources */ = {isa = PBXBuildFile; fileRef = 0338DE4D2073C98100D53D53 /* LFRepairViewController.m */; };
		0338DE5B2073CAEA00D53D53 /* LFRepairModel.m in Sources */ = {isa = PBXBuildFile; fileRef = 0338DE572073CAEA00D53D53 /* LFRepairModel.m */; };
		0338DE5C2073CAEA00D53D53 /* LFRepairDetailModel.m in Sources */ = {isa = PBXBuildFile; fileRef = 0338DE5A2073CAEA00D53D53 /* LFRepairDetailModel.m */; };
		0338DE602073CAF700D53D53 /* LFRepairCell.m in Sources */ = {isa = PBXBuildFile; fileRef = 0338DE5D2073CAF600D53D53 /* LFRepairCell.m */; };
		0338DE612073CAF700D53D53 /* LFRepairCell.xib in Resources */ = {isa = PBXBuildFile; fileRef = 0338DE5E2073CAF600D53D53 /* LFRepairCell.xib */; };
		0338DE642073CAFE00D53D53 /* LFRepairViewModel.m in Sources */ = {isa = PBXBuildFile; fileRef = 0338DE632073CAFE00D53D53 /* LFRepairViewModel.m */; };
		0338DE672073CB3B00D53D53 /* LFRepairDetailViewController.m in Sources */ = {isa = PBXBuildFile; fileRef = 0338DE662073CB3B00D53D53 /* LFRepairDetailViewController.m */; };
		0338DE6A2073CB5200D53D53 /* LFPublicTool.m in Sources */ = {isa = PBXBuildFile; fileRef = 0338DE692073CB5200D53D53 /* LFPublicTool.m */; };
		0338DE6C2073CE1B00D53D53 /* Public.storyboard in Resources */ = {isa = PBXBuildFile; fileRef = 0338DE6B2073CE1B00D53D53 /* Public.storyboard */; };
		0338DE702073D24900D53D53 /* Feedback.storyboard in Resources */ = {isa = PBXBuildFile; fileRef = 0338DE6E2073D24800D53D53 /* Feedback.storyboard */; };
		0338DE732073D24E00D53D53 /* Examine.storyboard in Resources */ = {isa = PBXBuildFile; fileRef = 0338DE722073D24E00D53D53 /* Examine.storyboard */; };
		0338DE762073D27700D53D53 /* LFFeedbackViewController.m in Sources */ = {isa = PBXBuildFile; fileRef = 0338DE752073D27700D53D53 /* LFFeedbackViewController.m */; };
		0338DE7A2073D2EC00D53D53 /* LFExamineViewController.m in Sources */ = {isa = PBXBuildFile; fileRef = 0338DE792073D2EC00D53D53 /* LFExamineViewController.m */; };
		0346FC252070BAE700AEE6FF /* LFLoginTool.m in Sources */ = {isa = PBXBuildFile; fileRef = 0346FC242070BAE700AEE6FF /* LFLoginTool.m */; };
		0346FC282070BB0300AEE6FF /* LFTools.m in Sources */ = {isa = PBXBuildFile; fileRef = 0346FC272070BB0300AEE6FF /* LFTools.m */; };
		0346FC2E2070BF1500AEE6FF /* MBProgressHUD.m in Sources */ = {isa = PBXBuildFile; fileRef = 0346FC2A2070BF1400AEE6FF /* MBProgressHUD.m */; };
		0346FC2F2070BF1500AEE6FF /* LFNotification.m in Sources */ = {isa = PBXBuildFile; fileRef = 0346FC2D2070BF1400AEE6FF /* LFNotification.m */; };
		0346FC3B2070C04C00AEE6FF /* LFNetWorking.m in Sources */ = {isa = PBXBuildFile; fileRef = 0346FC372070C04C00AEE6FF /* LFNetWorking.m */; };
		0346FC3E2070C32600AEE6FF /* UIViewController+LFCategory.m in Sources */ = {isa = PBXBuildFile; fileRef = 0346FC3D2070C32600AEE6FF /* UIViewController+LFCategory.m */; };
		0346FC412070CD1500AEE6FF /* LFUser.m in Sources */ = {isa = PBXBuildFile; fileRef = 0346FC402070CD1500AEE6FF /* LFUser.m */; };
		0346FC442070CD5500AEE6FF /* LFUserManager.m in Sources */ = {isa = PBXBuildFile; fileRef = 0346FC432070CD5500AEE6FF /* LFUserManager.m */; };
		0346FC472070D03400AEE6FF /* NSString+LFCategory.m in Sources */ = {isa = PBXBuildFile; fileRef = 0346FC462070D03400AEE6FF /* NSString+LFCategory.m */; };
		0346FC4D2070E89600AEE6FF /* LFRefreshHeader.m in Sources */ = {isa = PBXBuildFile; fileRef = 0346FC4C2070E89600AEE6FF /* LFRefreshHeader.m */; };
		0346FC502070E8A800AEE6FF /* LFRefreshFooter.m in Sources */ = {isa = PBXBuildFile; fileRef = 0346FC4F2070E8A800AEE6FF /* LFRefreshFooter.m */; };
		0346FC532070FB7700AEE6FF /* LFReceiveViewController.m in Sources */ = {isa = PBXBuildFile; fileRef = 0346FC522070FB7700AEE6FF /* LFReceiveViewController.m */; };
		0346FC5620711CD100AEE6FF /* LFProfileViewController.m in Sources */ = {isa = PBXBuildFile; fileRef = 0346FC5520711CD100AEE6FF /* LFProfileViewController.m */; };
		0346FC5C2071238F00AEE6FF /* LFHistoryRepairViewController.m in Sources */ = {isa = PBXBuildFile; fileRef = 0346FC5B2071238F00AEE6FF /* LFHistoryRepairViewController.m */; };
		0346FC5F20712AA200AEE6FF /* UIBarButtonItem+LFCategory.m in Sources */ = {isa = PBXBuildFile; fileRef = 0346FC5D20712AA200AEE6FF /* UIBarButtonItem+LFCategory.m */; };
		0346FC6220712C2E00AEE6FF /* LFProfileTool.m in Sources */ = {isa = PBXBuildFile; fileRef = 0346FC6120712C2E00AEE6FF /* LFProfileTool.m */; };
		0346FC722071408100AEE6FF /* LFLoginViewModel.m in Sources */ = {isa = PBXBuildFile; fileRef = 0346FC702071408100AEE6FF /* LFLoginViewModel.m */; };
		0378A7C72078CD400057E79B /* Main1.storyboard in Resources */ = {isa = PBXBuildFile; fileRef = 0378A7C62078CD400057E79B /* Main1.storyboard */; };
		0396054A207629C900412EAF /* LFReceiveTool.m in Sources */ = {isa = PBXBuildFile; fileRef = 03960549207629C900412EAF /* LFReceiveTool.m */; };
		0396054D20762D5D00412EAF /* LFUserViewController.m in Sources */ = {isa = PBXBuildFile; fileRef = 0396054C20762D5D00412EAF /* LFUserViewController.m */; };
		0396055120762E4D00412EAF /* LFUserCell.m in Sources */ = {isa = PBXBuildFile; fileRef = 0396054F20762E4D00412EAF /* LFUserCell.m */; };
		0396055220762E4D00412EAF /* LFUserCell.xib in Resources */ = {isa = PBXBuildFile; fileRef = 0396055020762E4D00412EAF /* LFUserCell.xib */; };
		0396055520762E8700412EAF /* LFUserModel.m in Sources */ = {isa = PBXBuildFile; fileRef = 0396055420762E8700412EAF /* LFUserModel.m */; };
		0396055820766F2C00412EAF /* NSArray+LFCategory.m in Sources */ = {isa = PBXBuildFile; fileRef = 0396055720766F2C00412EAF /* NSArray+LFCategory.m */; };
		03C2EC5C207276E300BA63C3 /* LFPageViewController.m in Sources */ = {isa = PBXBuildFile; fileRef = 03C2EC5A207276E300BA63C3 /* LFPageViewController.m */; };
		03C2EC5F207276FE00BA63C3 /* LFTabView.m in Sources */ = {isa = PBXBuildFile; fileRef = 03C2EC5D207276FE00BA63C3 /* LFTabView.m */; };
		03C2EC622072798E00BA63C3 /* LFMessageViewController.m in Sources */ = {isa = PBXBuildFile; fileRef = 03C2EC612072798E00BA63C3 /* LFMessageViewController.m */; };
		03C2EC6B20727FE100BA63C3 /* LFMessageViewModel.m in Sources */ = {isa = PBXBuildFile; fileRef = 03C2EC6A20727FE100BA63C3 /* LFMessageViewModel.m */; };
		03C2EC6E20727FED00BA63C3 /* LFMessageModel.m in Sources */ = {isa = PBXBuildFile; fileRef = 03C2EC6D20727FED00BA63C3 /* LFMessageModel.m */; };
		03C2EC722072800400BA63C3 /* LFMessageCell.m in Sources */ = {isa = PBXBuildFile; fileRef = 03C2EC702072800400BA63C3 /* LFMessageCell.m */; };
		03C2EC732072800400BA63C3 /* LFMessageCell.xib in Resources */ = {isa = PBXBuildFile; fileRef = 03C2EC712072800400BA63C3 /* LFMessageCell.xib */; };
		03C2EC762072801500BA63C3 /* LFMessageTool.m in Sources */ = {isa = PBXBuildFile; fileRef = 03C2EC752072801500BA63C3 /* LFMessageTool.m */; };
		03F55BB620626973009F8D3C /* Assets.xcassets in Resources */ = {isa = PBXBuildFile; fileRef = 03F55BB520626973009F8D3C /* Assets.xcassets */; };
		03F55BB920626973009F8D3C /* LaunchScreen.storyboard in Resources */ = {isa = PBXBuildFile; fileRef = 03F55BB720626973009F8D3C /* LaunchScreen.storyboard */; };
		03F55BC5206269BE009F8D3C /* AppDelegate.m in Sources */ = {isa = PBXBuildFile; fileRef = 03F55BC4206269BE009F8D3C /* AppDelegate.m */; };
		03F55BC920626A1C009F8D3C /* main.m in Sources */ = {isa = PBXBuildFile; fileRef = 03F55BC720626A1C009F8D3C /* main.m */; };
		03F55C2820627574009F8D3C /* LFNavigationController.m in Sources */ = {isa = PBXBuildFile; fileRef = 03F55C2420627574009F8D3C /* LFNavigationController.m */; };
		03F55C2920627574009F8D3C /* LFTabBarController.m in Sources */ = {isa = PBXBuildFile; fileRef = 03F55C2520627574009F8D3C /* LFTabBarController.m */; };
		03F55C2D20628197009F8D3C /* LFLoginViewController.m in Sources */ = {isa = PBXBuildFile; fileRef = 03F55C2C20628197009F8D3C /* LFLoginViewController.m */; };
		03F55C30206281DD009F8D3C /* LFViewController.m in Sources */ = {isa = PBXBuildFile; fileRef = 03F55C2F206281DD009F8D3C /* LFViewController.m */; };
		03F55C3220628D13009F8D3C /* Login.storyboard in Resources */ = {isa = PBXBuildFile; fileRef = 03F55C3120628D13009F8D3C /* Login.storyboard */; };
		03F55C3420628E18009F8D3C /* Main.storyboard in Resources */ = {isa = PBXBuildFile; fileRef = 03F55C3320628E18009F8D3C /* Main.storyboard */; };
		03F55C3620628E67009F8D3C /* Receive.storyboard in Resources */ = {isa = PBXBuildFile; fileRef = 03F55C3520628E67009F8D3C /* Receive.storyboard */; };
		03F55C3C20628E91009F8D3C /* Message.storyboard in Resources */ = {isa = PBXBuildFile; fileRef = 03F55C3B20628E91009F8D3C /* Message.storyboard */; };
		03F55C3E20628E9B009F8D3C /* Profile.storyboard in Resources */ = {isa = PBXBuildFile; fileRef = 03F55C3D20628E9B009F8D3C /* Profile.storyboard */; };
		03F55C42206297C3009F8D3C /* UIColor+LFCategory.m in Sources */ = {isa = PBXBuildFile; fileRef = 03F55C41206297C2009F8D3C /* UIColor+LFCategory.m */; };
		03FEF0E42075F4FF007B8812 /* LFReplyViewController.m in Sources */ = {isa = PBXBuildFile; fileRef = 03FEF0E32075F4FF007B8812 /* LFReplyViewController.m */; };
		03FEF0E72075FA90007B8812 /* LFApplyViewModel.m in Sources */ = {isa = PBXBuildFile; fileRef = 03FEF0E62075FA90007B8812 /* LFApplyViewModel.m */; };
		03FEF0EA2075FFA6007B8812 /* LFDatePickerViewController.m in Sources */ = {isa = PBXBuildFile; fileRef = 03FEF0E82075FFA5007B8812 /* LFDatePickerViewController.m */; };
		03FEF0ED20760242007B8812 /* LFManufacturerNumberViewController.m in Sources */ = {isa = PBXBuildFile; fileRef = 03FEF0EC20760242007B8812 /* LFManufacturerNumberViewController.m */; };
		03FEF0F020760B71007B8812 /* LFDeviceModel.m in Sources */ = {isa = PBXBuildFile; fileRef = 03FEF0EF20760B71007B8812 /* LFDeviceModel.m */; };
		03FEF0F420760DB0007B8812 /* LFDeviceCell.m in Sources */ = {isa = PBXBuildFile; fileRef = 03FEF0F220760DB0007B8812 /* LFDeviceCell.m */; };
		03FEF0F520760DB0007B8812 /* LFDeviceCell.xib in Resources */ = {isa = PBXBuildFile; fileRef = 03FEF0F320760DB0007B8812 /* LFDeviceCell.xib */; };
		8E5C5CB90A61EAA4EDD05865 /* libPods-DeviceMaintain.a in Frameworks */ = {isa = PBXBuildFile; fileRef = D8BDFA41B82D956F6567764E /* libPods-DeviceMaintain.a */; };
/* End PBXBuildFile section */

/* Begin PBXFileReference section */
		03159CA6207743DB00402179 /* LFNoDataView.xib */ = {isa = PBXFileReference; fileEncoding = 4; lastKnownFileType = file.xib; path = LFNoDataView.xib; sourceTree = "<group>"; };
		03159CA7207743DB00402179 /* LFNoDataView.m */ = {isa = PBXFileReference; fileEncoding = 4; lastKnownFileType = sourcecode.c.objc; path = LFNoDataView.m; sourceTree = "<group>"; };
		03159CA8207743DB00402179 /* LFNoDataView.h */ = {isa = PBXFileReference; fileEncoding = 4; lastKnownFileType = sourcecode.c.h; path = LFNoDataView.h; sourceTree = "<group>"; };
		03159CAB20774CC000402179 /* LFFeedbackDetailViewController.h */ = {isa = PBXFileReference; lastKnownFileType = sourcecode.c.h; path = LFFeedbackDetailViewController.h; sourceTree = "<group>"; };
		03159CAC20774CC000402179 /* LFFeedbackDetailViewController.m */ = {isa = PBXFileReference; lastKnownFileType = sourcecode.c.objc; path = LFFeedbackDetailViewController.m; sourceTree = "<group>"; };
		03159CAE2077507000402179 /* LFExamineDetailViewController.h */ = {isa = PBXFileReference; lastKnownFileType = sourcecode.c.h; path = LFExamineDetailViewController.h; sourceTree = "<group>"; };
		03159CAF2077507000402179 /* LFExamineDetailViewController.m */ = {isa = PBXFileReference; lastKnownFileType = sourcecode.c.objc; path = LFExamineDetailViewController.m; sourceTree = "<group>"; };
		03159CB2207751E100402179 /* LFExamineDetailModel.h */ = {isa = PBXFileReference; lastKnownFileType = sourcecode.c.h; path = LFExamineDetailModel.h; sourceTree = "<group>"; };
		03159CB3207751E100402179 /* LFExamineDetailModel.m */ = {isa = PBXFileReference; lastKnownFileType = sourcecode.c.objc; path = LFExamineDetailModel.m; sourceTree = "<group>"; };
		03159CB6207751FC00402179 /* LFExamineViewModel.h */ = {isa = PBXFileReference; lastKnownFileType = sourcecode.c.h; path = LFExamineViewModel.h; sourceTree = "<group>"; };
		03159CB7207751FC00402179 /* LFExamineViewModel.m */ = {isa = PBXFileReference; lastKnownFileType = sourcecode.c.objc; path = LFExamineViewModel.m; sourceTree = "<group>"; };
		03159CBA2077558400402179 /* LFExamineTool.h */ = {isa = PBXFileReference; lastKnownFileType = sourcecode.c.h; path = LFExamineTool.h; sourceTree = "<group>"; };
		03159CBB2077558400402179 /* LFExamineTool.m */ = {isa = PBXFileReference; lastKnownFileType = sourcecode.c.objc; path = LFExamineTool.m; sourceTree = "<group>"; };
		03159CBD2077607500402179 /* LFNotification.h */ = {isa = PBXFileReference; lastKnownFileType = sourcecode.c.h; path = LFNotification.h; sourceTree = "<group>"; };
		03159CC220777B9D00402179 /* LFFaultModel.h */ = {isa = PBXFileReference; lastKnownFileType = sourcecode.c.h; path = LFFaultModel.h; sourceTree = "<group>"; };
		03159CC320777B9D00402179 /* LFFaultModel.m */ = {isa = PBXFileReference; lastKnownFileType = sourcecode.c.objc; path = LFFaultModel.m; sourceTree = "<group>"; };
		03159CC520777BAF00402179 /* LFFeedbackViewModel.h */ = {isa = PBXFileReference; lastKnownFileType = sourcecode.c.h; path = LFFeedbackViewModel.h; sourceTree = "<group>"; };
		03159CC620777BAF00402179 /* LFFeedbackViewModel.m */ = {isa = PBXFileReference; lastKnownFileType = sourcecode.c.objc; path = LFFeedbackViewModel.m; sourceTree = "<group>"; };
		03159CC820778A7800402179 /* LFSolutionViewController.h */ = {isa = PBXFileReference; lastKnownFileType = sourcecode.c.h; path = LFSolutionViewController.h; sourceTree = "<group>"; };
		03159CC920778A7800402179 /* LFSolutionViewController.m */ = {isa = PBXFileReference; lastKnownFileType = sourcecode.c.objc; path = LFSolutionViewController.m; sourceTree = "<group>"; };
		03159CCB2077BDDB00402179 /* LFSolutionModel.h */ = {isa = PBXFileReference; lastKnownFileType = sourcecode.c.h; path = LFSolutionModel.h; sourceTree = "<group>"; };
		03159CCC2077BDDB00402179 /* LFSolutionModel.m */ = {isa = PBXFileReference; lastKnownFileType = sourcecode.c.objc; path = LFSolutionModel.m; sourceTree = "<group>"; };
		03159CCE2077C03300402179 /* LFSolutionCell.h */ = {isa = PBXFileReference; lastKnownFileType = sourcecode.c.h; path = LFSolutionCell.h; sourceTree = "<group>"; };
		03159CCF2077C03300402179 /* LFSolutionCell.m */ = {isa = PBXFileReference; lastKnownFileType = sourcecode.c.objc; path = LFSolutionCell.m; sourceTree = "<group>"; };
		03159CD02077C03300402179 /* LFSolutionCell.xib */ = {isa = PBXFileReference; lastKnownFileType = file.xib; path = LFSolutionCell.xib; sourceTree = "<group>"; };
		0338DE462073C39C00D53D53 /* LFMessageDetailViewController.h */ = {isa = PBXFileReference; lastKnownFileType = sourcecode.c.h; path = LFMessageDetailViewController.h; sourceTree = "<group>"; };
		0338DE472073C39C00D53D53 /* LFMessageDetailViewController.m */ = {isa = PBXFileReference; lastKnownFileType = sourcecode.c.objc; path = LFMessageDetailViewController.m; sourceTree = "<group>"; };
		0338DE4C2073C98100D53D53 /* LFRepairViewController.h */ = {isa = PBXFileReference; lastKnownFileType = sourcecode.c.h; path = LFRepairViewController.h; sourceTree = "<group>"; };
		0338DE4D2073C98100D53D53 /* LFRepairViewController.m */ = {isa = PBXFileReference; lastKnownFileType = sourcecode.c.objc; path = LFRepairViewController.m; sourceTree = "<group>"; };
		0338DE572073CAEA00D53D53 /* LFRepairModel.m */ = {isa = PBXFileReference; fileEncoding = 4; lastKnownFileType = sourcecode.c.objc; path = LFRepairModel.m; sourceTree = "<group>"; };
		0338DE582073CAEA00D53D53 /* LFRepairDetailModel.h */ = {isa = PBXFileReference; fileEncoding = 4; lastKnownFileType = sourcecode.c.h; path = LFRepairDetailModel.h; sourceTree = "<group>"; };
		0338DE592073CAEA00D53D53 /* LFRepairModel.h */ = {isa = PBXFileReference; fileEncoding = 4; lastKnownFileType = sourcecode.c.h; path = LFRepairModel.h; sourceTree = "<group>"; };
		0338DE5A2073CAEA00D53D53 /* LFRepairDetailModel.m */ = {isa = PBXFileReference; fileEncoding = 4; lastKnownFileType = sourcecode.c.objc; path = LFRepairDetailModel.m; sourceTree = "<group>"; };
		0338DE5D2073CAF600D53D53 /* LFRepairCell.m */ = {isa = PBXFileReference; fileEncoding = 4; lastKnownFileType = sourcecode.c.objc; path = LFRepairCell.m; sourceTree = "<group>"; };
		0338DE5E2073CAF600D53D53 /* LFRepairCell.xib */ = {isa = PBXFileReference; fileEncoding = 4; lastKnownFileType = file.xib; path = LFRepairCell.xib; sourceTree = "<group>"; };
		0338DE5F2073CAF600D53D53 /* LFRepairCell.h */ = {isa = PBXFileReference; fileEncoding = 4; lastKnownFileType = sourcecode.c.h; path = LFRepairCell.h; sourceTree = "<group>"; };
		0338DE622073CAFE00D53D53 /* LFRepairViewModel.h */ = {isa = PBXFileReference; fileEncoding = 4; lastKnownFileType = sourcecode.c.h; path = LFRepairViewModel.h; sourceTree = "<group>"; };
		0338DE632073CAFE00D53D53 /* LFRepairViewModel.m */ = {isa = PBXFileReference; fileEncoding = 4; lastKnownFileType = sourcecode.c.objc; path = LFRepairViewModel.m; sourceTree = "<group>"; };
		0338DE652073CB3B00D53D53 /* LFRepairDetailViewController.h */ = {isa = PBXFileReference; fileEncoding = 4; lastKnownFileType = sourcecode.c.h; path = LFRepairDetailViewController.h; sourceTree = "<group>"; };
		0338DE662073CB3B00D53D53 /* LFRepairDetailViewController.m */ = {isa = PBXFileReference; fileEncoding = 4; lastKnownFileType = sourcecode.c.objc; path = LFRepairDetailViewController.m; sourceTree = "<group>"; };
		0338DE682073CB5200D53D53 /* LFPublicTool.h */ = {isa = PBXFileReference; lastKnownFileType = sourcecode.c.h; path = LFPublicTool.h; sourceTree = "<group>"; };
		0338DE692073CB5200D53D53 /* LFPublicTool.m */ = {isa = PBXFileReference; lastKnownFileType = sourcecode.c.objc; path = LFPublicTool.m; sourceTree = "<group>"; };
		0338DE6B2073CE1B00D53D53 /* Public.storyboard */ = {isa = PBXFileReference; lastKnownFileType = file.storyboard; path = Public.storyboard; sourceTree = "<group>"; };
		0338DE6E2073D24800D53D53 /* Feedback.storyboard */ = {isa = PBXFileReference; fileEncoding = 4; lastKnownFileType = file.storyboard; path = Feedback.storyboard; sourceTree = "<group>"; };
		0338DE722073D24E00D53D53 /* Examine.storyboard */ = {isa = PBXFileReference; fileEncoding = 4; lastKnownFileType = file.storyboard; path = Examine.storyboard; sourceTree = "<group>"; };
		0338DE742073D27700D53D53 /* LFFeedbackViewController.h */ = {isa = PBXFileReference; lastKnownFileType = sourcecode.c.h; path = LFFeedbackViewController.h; sourceTree = "<group>"; };
		0338DE752073D27700D53D53 /* LFFeedbackViewController.m */ = {isa = PBXFileReference; lastKnownFileType = sourcecode.c.objc; path = LFFeedbackViewController.m; sourceTree = "<group>"; };
		0338DE782073D2EC00D53D53 /* LFExamineViewController.h */ = {isa = PBXFileReference; lastKnownFileType = sourcecode.c.h; path = LFExamineViewController.h; sourceTree = "<group>"; };
		0338DE792073D2EC00D53D53 /* LFExamineViewController.m */ = {isa = PBXFileReference; lastKnownFileType = sourcecode.c.objc; path = LFExamineViewController.m; sourceTree = "<group>"; };
		0346FC1C2070B7A900AEE6FF /* LFConst.h */ = {isa = PBXFileReference; fileEncoding = 4; lastKnownFileType = sourcecode.c.h; path = LFConst.h; sourceTree = "<group>"; };
		0346FC1D2070B7B600AEE6FF /* LFKey.h */ = {isa = PBXFileReference; fileEncoding = 4; lastKnownFileType = sourcecode.c.h; path = LFKey.h; sourceTree = "<group>"; };
		0346FC202070B9FE00AEE6FF /* LFMacro.h */ = {isa = PBXFileReference; fileEncoding = 4; lastKnownFileType = sourcecode.c.h; path = LFMacro.h; sourceTree = "<group>"; };
		0346FC212070BA1B00AEE6FF /* LFLog.h */ = {isa = PBXFileReference; fileEncoding = 4; lastKnownFileType = sourcecode.c.h; path = LFLog.h; sourceTree = "<group>"; };
		0346FC222070BA1B00AEE6FF /* LFSystem.h */ = {isa = PBXFileReference; fileEncoding = 4; lastKnownFileType = sourcecode.c.h; path = LFSystem.h; sourceTree = "<group>"; };
		0346FC232070BAE700AEE6FF /* LFLoginTool.h */ = {isa = PBXFileReference; lastKnownFileType = sourcecode.c.h; path = LFLoginTool.h; sourceTree = "<group>"; };
		0346FC242070BAE700AEE6FF /* LFLoginTool.m */ = {isa = PBXFileReference; lastKnownFileType = sourcecode.c.objc; path = LFLoginTool.m; sourceTree = "<group>"; };
		0346FC262070BB0300AEE6FF /* LFTools.h */ = {isa = PBXFileReference; lastKnownFileType = sourcecode.c.h; path = LFTools.h; sourceTree = "<group>"; };
		0346FC272070BB0300AEE6FF /* LFTools.m */ = {isa = PBXFileReference; lastKnownFileType = sourcecode.c.objc; path = LFTools.m; sourceTree = "<group>"; };
		0346FC2A2070BF1400AEE6FF /* MBProgressHUD.m */ = {isa = PBXFileReference; fileEncoding = 4; lastKnownFileType = sourcecode.c.objc; path = MBProgressHUD.m; sourceTree = "<group>"; };
		0346FC2B2070BF1400AEE6FF /* LFNotification.h */ = {isa = PBXFileReference; fileEncoding = 4; lastKnownFileType = sourcecode.c.h; path = LFNotification.h; sourceTree = "<group>"; };
		0346FC2C2070BF1400AEE6FF /* MBProgressHUD.h */ = {isa = PBXFileReference; fileEncoding = 4; lastKnownFileType = sourcecode.c.h; path = MBProgressHUD.h; sourceTree = "<group>"; };
		0346FC2D2070BF1400AEE6FF /* LFNotification.m */ = {isa = PBXFileReference; fileEncoding = 4; lastKnownFileType = sourcecode.c.objc; path = LFNotification.m; sourceTree = "<group>"; };
		0346FC372070C04C00AEE6FF /* LFNetWorking.m */ = {isa = PBXFileReference; fileEncoding = 4; lastKnownFileType = sourcecode.c.objc; path = LFNetWorking.m; sourceTree = "<group>"; };
		0346FC382070C04C00AEE6FF /* LFNetWorking.h */ = {isa = PBXFileReference; fileEncoding = 4; lastKnownFileType = sourcecode.c.h; path = LFNetWorking.h; sourceTree = "<group>"; };
		0346FC3C2070C31F00AEE6FF /* UIViewController+LFCategory.h */ = {isa = PBXFileReference; fileEncoding = 4; lastKnownFileType = sourcecode.c.h; path = "UIViewController+LFCategory.h"; sourceTree = "<group>"; };
		0346FC3D2070C32600AEE6FF /* UIViewController+LFCategory.m */ = {isa = PBXFileReference; fileEncoding = 4; lastKnownFileType = sourcecode.c.objc; path = "UIViewController+LFCategory.m"; sourceTree = "<group>"; };
		0346FC3F2070CD1500AEE6FF /* LFUser.h */ = {isa = PBXFileReference; lastKnownFileType = sourcecode.c.h; path = LFUser.h; sourceTree = "<group>"; };
		0346FC402070CD1500AEE6FF /* LFUser.m */ = {isa = PBXFileReference; lastKnownFileType = sourcecode.c.objc; path = LFUser.m; sourceTree = "<group>"; };
		0346FC422070CD5500AEE6FF /* LFUserManager.h */ = {isa = PBXFileReference; lastKnownFileType = sourcecode.c.h; path = LFUserManager.h; sourceTree = "<group>"; };
		0346FC432070CD5500AEE6FF /* LFUserManager.m */ = {isa = PBXFileReference; lastKnownFileType = sourcecode.c.objc; path = LFUserManager.m; sourceTree = "<group>"; };
		0346FC452070D03400AEE6FF /* NSString+LFCategory.h */ = {isa = PBXFileReference; fileEncoding = 4; lastKnownFileType = sourcecode.c.h; path = "NSString+LFCategory.h"; sourceTree = "<group>"; };
		0346FC462070D03400AEE6FF /* NSString+LFCategory.m */ = {isa = PBXFileReference; fileEncoding = 4; lastKnownFileType = sourcecode.c.objc; path = "NSString+LFCategory.m"; sourceTree = "<group>"; };
		0346FC482070D23900AEE6FF /* LFUrl.h */ = {isa = PBXFileReference; lastKnownFileType = sourcecode.c.h; path = LFUrl.h; sourceTree = "<group>"; };
		0346FC4A2070E43000AEE6FF /* LFCustom.h */ = {isa = PBXFileReference; fileEncoding = 4; lastKnownFileType = sourcecode.c.h; path = LFCustom.h; sourceTree = "<group>"; };
		0346FC4B2070E89600AEE6FF /* LFRefreshHeader.h */ = {isa = PBXFileReference; lastKnownFileType = sourcecode.c.h; path = LFRefreshHeader.h; sourceTree = "<group>"; };
		0346FC4C2070E89600AEE6FF /* LFRefreshHeader.m */ = {isa = PBXFileReference; lastKnownFileType = sourcecode.c.objc; path = LFRefreshHeader.m; sourceTree = "<group>"; };
		0346FC4E2070E8A800AEE6FF /* LFRefreshFooter.h */ = {isa = PBXFileReference; lastKnownFileType = sourcecode.c.h; path = LFRefreshFooter.h; sourceTree = "<group>"; };
		0346FC4F2070E8A800AEE6FF /* LFRefreshFooter.m */ = {isa = PBXFileReference; lastKnownFileType = sourcecode.c.objc; path = LFRefreshFooter.m; sourceTree = "<group>"; };
		0346FC512070FB7700AEE6FF /* LFReceiveViewController.h */ = {isa = PBXFileReference; lastKnownFileType = sourcecode.c.h; path = LFReceiveViewController.h; sourceTree = "<group>"; };
		0346FC522070FB7700AEE6FF /* LFReceiveViewController.m */ = {isa = PBXFileReference; lastKnownFileType = sourcecode.c.objc; path = LFReceiveViewController.m; sourceTree = "<group>"; };
		0346FC5420711CD100AEE6FF /* LFProfileViewController.h */ = {isa = PBXFileReference; lastKnownFileType = sourcecode.c.h; path = LFProfileViewController.h; sourceTree = "<group>"; };
		0346FC5520711CD100AEE6FF /* LFProfileViewController.m */ = {isa = PBXFileReference; lastKnownFileType = sourcecode.c.objc; path = LFProfileViewController.m; sourceTree = "<group>"; };
		0346FC5A2071238F00AEE6FF /* LFHistoryRepairViewController.h */ = {isa = PBXFileReference; lastKnownFileType = sourcecode.c.h; path = LFHistoryRepairViewController.h; sourceTree = "<group>"; };
		0346FC5B2071238F00AEE6FF /* LFHistoryRepairViewController.m */ = {isa = PBXFileReference; lastKnownFileType = sourcecode.c.objc; path = LFHistoryRepairViewController.m; sourceTree = "<group>"; };
		0346FC5D20712AA200AEE6FF /* UIBarButtonItem+LFCategory.m */ = {isa = PBXFileReference; fileEncoding = 4; lastKnownFileType = sourcecode.c.objc; path = "UIBarButtonItem+LFCategory.m"; sourceTree = "<group>"; };
		0346FC5E20712AA200AEE6FF /* UIBarButtonItem+LFCategory.h */ = {isa = PBXFileReference; fileEncoding = 4; lastKnownFileType = sourcecode.c.h; path = "UIBarButtonItem+LFCategory.h"; sourceTree = "<group>"; };
		0346FC6020712C2E00AEE6FF /* LFProfileTool.h */ = {isa = PBXFileReference; lastKnownFileType = sourcecode.c.h; path = LFProfileTool.h; sourceTree = "<group>"; };
		0346FC6120712C2E00AEE6FF /* LFProfileTool.m */ = {isa = PBXFileReference; lastKnownFileType = sourcecode.c.objc; path = LFProfileTool.m; sourceTree = "<group>"; };
		0346FC6C20713CE600AEE6FF /* LFFunction.h */ = {isa = PBXFileReference; fileEncoding = 4; lastKnownFileType = sourcecode.c.h; path = LFFunction.h; sourceTree = "<group>"; };
		0346FC702071408100AEE6FF /* LFLoginViewModel.m */ = {isa = PBXFileReference; fileEncoding = 4; lastKnownFileType = sourcecode.c.objc; path = LFLoginViewModel.m; sourceTree = "<group>"; };
		0346FC712071408100AEE6FF /* LFLoginViewModel.h */ = {isa = PBXFileReference; fileEncoding = 4; lastKnownFileType = sourcecode.c.h; path = LFLoginViewModel.h; sourceTree = "<group>"; };
		0378A7C62078CD400057E79B /* Main1.storyboard */ = {isa = PBXFileReference; fileEncoding = 4; lastKnownFileType = file.storyboard; path = Main1.storyboard; sourceTree = "<group>"; };
		03960548207629C900412EAF /* LFReceiveTool.h */ = {isa = PBXFileReference; lastKnownFileType = sourcecode.c.h; path = LFReceiveTool.h; sourceTree = "<group>"; };
		03960549207629C900412EAF /* LFReceiveTool.m */ = {isa = PBXFileReference; lastKnownFileType = sourcecode.c.objc; path = LFReceiveTool.m; sourceTree = "<group>"; };
		0396054B20762D5D00412EAF /* LFUserViewController.h */ = {isa = PBXFileReference; lastKnownFileType = sourcecode.c.h; path = LFUserViewController.h; sourceTree = "<group>"; };
		0396054C20762D5D00412EAF /* LFUserViewController.m */ = {isa = PBXFileReference; lastKnownFileType = sourcecode.c.objc; path = LFUserViewController.m; sourceTree = "<group>"; };
		0396054E20762E4D00412EAF /* LFUserCell.h */ = {isa = PBXFileReference; lastKnownFileType = sourcecode.c.h; path = LFUserCell.h; sourceTree = "<group>"; };
		0396054F20762E4D00412EAF /* LFUserCell.m */ = {isa = PBXFileReference; lastKnownFileType = sourcecode.c.objc; path = LFUserCell.m; sourceTree = "<group>"; };
		0396055020762E4D00412EAF /* LFUserCell.xib */ = {isa = PBXFileReference; lastKnownFileType = file.xib; path = LFUserCell.xib; sourceTree = "<group>"; };
		0396055320762E8700412EAF /* LFUserModel.h */ = {isa = PBXFileReference; lastKnownFileType = sourcecode.c.h; path = LFUserModel.h; sourceTree = "<group>"; };
		0396055420762E8700412EAF /* LFUserModel.m */ = {isa = PBXFileReference; lastKnownFileType = sourcecode.c.objc; path = LFUserModel.m; sourceTree = "<group>"; };
		0396055620766F2C00412EAF /* NSArray+LFCategory.h */ = {isa = PBXFileReference; lastKnownFileType = sourcecode.c.h; path = "NSArray+LFCategory.h"; sourceTree = "<group>"; };
		0396055720766F2C00412EAF /* NSArray+LFCategory.m */ = {isa = PBXFileReference; lastKnownFileType = sourcecode.c.objc; path = "NSArray+LFCategory.m"; sourceTree = "<group>"; };
		03C2EC532072669C00BA63C3 /* LFStoryboardName.h */ = {isa = PBXFileReference; lastKnownFileType = sourcecode.c.h; path = LFStoryboardName.h; sourceTree = "<group>"; };
		03C2EC5A207276E300BA63C3 /* LFPageViewController.m */ = {isa = PBXFileReference; fileEncoding = 4; lastKnownFileType = sourcecode.c.objc; path = LFPageViewController.m; sourceTree = "<group>"; };
		03C2EC5B207276E300BA63C3 /* LFPageViewController.h */ = {isa = PBXFileReference; fileEncoding = 4; lastKnownFileType = sourcecode.c.h; path = LFPageViewController.h; sourceTree = "<group>"; };
		03C2EC5D207276FE00BA63C3 /* LFTabView.m */ = {isa = PBXFileReference; fileEncoding = 4; lastKnownFileType = sourcecode.c.objc; path = LFTabView.m; sourceTree = "<group>"; };
		03C2EC5E207276FE00BA63C3 /* LFTabView.h */ = {isa = PBXFileReference; fileEncoding = 4; lastKnownFileType = sourcecode.c.h; path = LFTabView.h; sourceTree = "<group>"; };
		03C2EC602072798300BA63C3 /* LFMessageViewController.h */ = {isa = PBXFileReference; fileEncoding = 4; lastKnownFileType = sourcecode.c.h; path = LFMessageViewController.h; sourceTree = "<group>"; };
		03C2EC612072798E00BA63C3 /* LFMessageViewController.m */ = {isa = PBXFileReference; fileEncoding = 4; lastKnownFileType = sourcecode.c.objc; path = LFMessageViewController.m; sourceTree = "<group>"; };
		03C2EC6820727CCF00BA63C3 /* LFColor.h */ = {isa = PBXFileReference; fileEncoding = 4; lastKnownFileType = sourcecode.c.h; path = LFColor.h; sourceTree = "<group>"; };
		03C2EC6920727FE100BA63C3 /* LFMessageViewModel.h */ = {isa = PBXFileReference; lastKnownFileType = sourcecode.c.h; path = LFMessageViewModel.h; sourceTree = "<group>"; };
		03C2EC6A20727FE100BA63C3 /* LFMessageViewModel.m */ = {isa = PBXFileReference; lastKnownFileType = sourcecode.c.objc; path = LFMessageViewModel.m; sourceTree = "<group>"; };
		03C2EC6C20727FED00BA63C3 /* LFMessageModel.h */ = {isa = PBXFileReference; lastKnownFileType = sourcecode.c.h; path = LFMessageModel.h; sourceTree = "<group>"; };
		03C2EC6D20727FED00BA63C3 /* LFMessageModel.m */ = {isa = PBXFileReference; lastKnownFileType = sourcecode.c.objc; path = LFMessageModel.m; sourceTree = "<group>"; };
		03C2EC6F2072800400BA63C3 /* LFMessageCell.h */ = {isa = PBXFileReference; lastKnownFileType = sourcecode.c.h; path = LFMessageCell.h; sourceTree = "<group>"; };
		03C2EC702072800400BA63C3 /* LFMessageCell.m */ = {isa = PBXFileReference; lastKnownFileType = sourcecode.c.objc; path = LFMessageCell.m; sourceTree = "<group>"; };
		03C2EC712072800400BA63C3 /* LFMessageCell.xib */ = {isa = PBXFileReference; lastKnownFileType = file.xib; path = LFMessageCell.xib; sourceTree = "<group>"; };
		03C2EC742072801500BA63C3 /* LFMessageTool.h */ = {isa = PBXFileReference; lastKnownFileType = sourcecode.c.h; path = LFMessageTool.h; sourceTree = "<group>"; };
		03C2EC752072801500BA63C3 /* LFMessageTool.m */ = {isa = PBXFileReference; lastKnownFileType = sourcecode.c.objc; path = LFMessageTool.m; sourceTree = "<group>"; };
		03F55BA920626972009F8D3C /* DeviceMaintain.app */ = {isa = PBXFileReference; explicitFileType = wrapper.application; includeInIndex = 0; path = DeviceMaintain.app; sourceTree = BUILT_PRODUCTS_DIR; };
		03F55BB520626973009F8D3C /* Assets.xcassets */ = {isa = PBXFileReference; lastKnownFileType = folder.assetcatalog; path = Assets.xcassets; sourceTree = "<group>"; };
		03F55BB820626973009F8D3C /* Base */ = {isa = PBXFileReference; lastKnownFileType = file.storyboard; name = Base; path = Base.lproj/LaunchScreen.storyboard; sourceTree = "<group>"; };
		03F55BC3206269BE009F8D3C /* AppDelegate.h */ = {isa = PBXFileReference; fileEncoding = 4; lastKnownFileType = sourcecode.c.h; path = AppDelegate.h; sourceTree = "<group>"; };
		03F55BC4206269BE009F8D3C /* AppDelegate.m */ = {isa = PBXFileReference; fileEncoding = 4; lastKnownFileType = sourcecode.c.objc; path = AppDelegate.m; sourceTree = "<group>"; };
		03F55BC720626A1C009F8D3C /* main.m */ = {isa = PBXFileReference; fileEncoding = 4; lastKnownFileType = sourcecode.c.objc; path = main.m; sourceTree = "<group>"; };
		03F55BC820626A1C009F8D3C /* Info.plist */ = {isa = PBXFileReference; fileEncoding = 4; lastKnownFileType = text.plist.xml; path = Info.plist; sourceTree = "<group>"; };
		03F55C2420627574009F8D3C /* LFNavigationController.m */ = {isa = PBXFileReference; fileEncoding = 4; lastKnownFileType = sourcecode.c.objc; path = LFNavigationController.m; sourceTree = "<group>"; };
		03F55C2520627574009F8D3C /* LFTabBarController.m */ = {isa = PBXFileReference; fileEncoding = 4; lastKnownFileType = sourcecode.c.objc; path = LFTabBarController.m; sourceTree = "<group>"; };
		03F55C2620627574009F8D3C /* LFTabBarController.h */ = {isa = PBXFileReference; fileEncoding = 4; lastKnownFileType = sourcecode.c.h; path = LFTabBarController.h; sourceTree = "<group>"; };
		03F55C2720627574009F8D3C /* LFNavigationController.h */ = {isa = PBXFileReference; fileEncoding = 4; lastKnownFileType = sourcecode.c.h; path = LFNavigationController.h; sourceTree = "<group>"; };
		03F55C2B20628197009F8D3C /* LFLoginViewController.h */ = {isa = PBXFileReference; lastKnownFileType = sourcecode.c.h; path = LFLoginViewController.h; sourceTree = "<group>"; };
		03F55C2C20628197009F8D3C /* LFLoginViewController.m */ = {isa = PBXFileReference; lastKnownFileType = sourcecode.c.objc; path = LFLoginViewController.m; sourceTree = "<group>"; };
		03F55C2E206281DD009F8D3C /* LFViewController.h */ = {isa = PBXFileReference; lastKnownFileType = sourcecode.c.h; path = LFViewController.h; sourceTree = "<group>"; };
		03F55C2F206281DD009F8D3C /* LFViewController.m */ = {isa = PBXFileReference; lastKnownFileType = sourcecode.c.objc; path = LFViewController.m; sourceTree = "<group>"; };
		03F55C3120628D13009F8D3C /* Login.storyboard */ = {isa = PBXFileReference; lastKnownFileType = file.storyboard; path = Login.storyboard; sourceTree = "<group>"; };
		03F55C3320628E18009F8D3C /* Main.storyboard */ = {isa = PBXFileReference; lastKnownFileType = file.storyboard; path = Main.storyboard; sourceTree = "<group>"; };
		03F55C3520628E67009F8D3C /* Receive.storyboard */ = {isa = PBXFileReference; lastKnownFileType = file.storyboard; path = Receive.storyboard; sourceTree = "<group>"; };
		03F55C3B20628E91009F8D3C /* Message.storyboard */ = {isa = PBXFileReference; lastKnownFileType = file.storyboard; path = Message.storyboard; sourceTree = "<group>"; };
		03F55C3D20628E9B009F8D3C /* Profile.storyboard */ = {isa = PBXFileReference; lastKnownFileType = file.storyboard; path = Profile.storyboard; sourceTree = "<group>"; };
		03F55C3F20628FAC009F8D3C /* PrefixHeader.pch */ = {isa = PBXFileReference; lastKnownFileType = sourcecode.c.h; path = PrefixHeader.pch; sourceTree = "<group>"; };
		03F55C40206297C2009F8D3C /* UIColor+LFCategory.h */ = {isa = PBXFileReference; fileEncoding = 4; lastKnownFileType = sourcecode.c.h; path = "UIColor+LFCategory.h"; sourceTree = "<group>"; };
		03F55C41206297C2009F8D3C /* UIColor+LFCategory.m */ = {isa = PBXFileReference; fileEncoding = 4; lastKnownFileType = sourcecode.c.objc; path = "UIColor+LFCategory.m"; sourceTree = "<group>"; };
		03F55C44206297D7009F8D3C /* LFCategory.h */ = {isa = PBXFileReference; fileEncoding = 4; lastKnownFileType = sourcecode.c.h; path = LFCategory.h; sourceTree = "<group>"; };
		03FEF0E22075F4FF007B8812 /* LFReplyViewController.h */ = {isa = PBXFileReference; lastKnownFileType = sourcecode.c.h; path = LFReplyViewController.h; sourceTree = "<group>"; };
		03FEF0E32075F4FF007B8812 /* LFReplyViewController.m */ = {isa = PBXFileReference; lastKnownFileType = sourcecode.c.objc; path = LFReplyViewController.m; sourceTree = "<group>"; };
		03FEF0E52075FA90007B8812 /* LFApplyViewModel.h */ = {isa = PBXFileReference; lastKnownFileType = sourcecode.c.h; path = LFApplyViewModel.h; sourceTree = "<group>"; };
		03FEF0E62075FA90007B8812 /* LFApplyViewModel.m */ = {isa = PBXFileReference; lastKnownFileType = sourcecode.c.objc; path = LFApplyViewModel.m; sourceTree = "<group>"; };
		03FEF0E82075FFA5007B8812 /* LFDatePickerViewController.m */ = {isa = PBXFileReference; fileEncoding = 4; lastKnownFileType = sourcecode.c.objc; path = LFDatePickerViewController.m; sourceTree = "<group>"; };
		03FEF0E92075FFA5007B8812 /* LFDatePickerViewController.h */ = {isa = PBXFileReference; fileEncoding = 4; lastKnownFileType = sourcecode.c.h; path = LFDatePickerViewController.h; sourceTree = "<group>"; };
		03FEF0EB20760242007B8812 /* LFManufacturerNumberViewController.h */ = {isa = PBXFileReference; lastKnownFileType = sourcecode.c.h; path = LFManufacturerNumberViewController.h; sourceTree = "<group>"; };
		03FEF0EC20760242007B8812 /* LFManufacturerNumberViewController.m */ = {isa = PBXFileReference; lastKnownFileType = sourcecode.c.objc; path = LFManufacturerNumberViewController.m; sourceTree = "<group>"; };
		03FEF0EE20760B71007B8812 /* LFDeviceModel.h */ = {isa = PBXFileReference; lastKnownFileType = sourcecode.c.h; path = LFDeviceModel.h; sourceTree = "<group>"; };
		03FEF0EF20760B71007B8812 /* LFDeviceModel.m */ = {isa = PBXFileReference; lastKnownFileType = sourcecode.c.objc; path = LFDeviceModel.m; sourceTree = "<group>"; };
		03FEF0F120760DB0007B8812 /* LFDeviceCell.h */ = {isa = PBXFileReference; lastKnownFileType = sourcecode.c.h; path = LFDeviceCell.h; sourceTree = "<group>"; };
		03FEF0F220760DB0007B8812 /* LFDeviceCell.m */ = {isa = PBXFileReference; lastKnownFileType = sourcecode.c.objc; path = LFDeviceCell.m; sourceTree = "<group>"; };
		03FEF0F320760DB0007B8812 /* LFDeviceCell.xib */ = {isa = PBXFileReference; lastKnownFileType = file.xib; path = LFDeviceCell.xib; sourceTree = "<group>"; };
		1ADAE15E981C45E473C39D9A /* Pods-DeviceMaintain.debug.xcconfig */ = {isa = PBXFileReference; includeInIndex = 1; lastKnownFileType = text.xcconfig; name = "Pods-DeviceMaintain.debug.xcconfig"; path = "Pods/Target Support Files/Pods-DeviceMaintain/Pods-DeviceMaintain.debug.xcconfig"; sourceTree = "<group>"; };
		96859EB96395A088C769DFA6 /* Pods-DeviceMaintain.release.xcconfig */ = {isa = PBXFileReference; includeInIndex = 1; lastKnownFileType = text.xcconfig; name = "Pods-DeviceMaintain.release.xcconfig"; path = "Pods/Target Support Files/Pods-DeviceMaintain/Pods-DeviceMaintain.release.xcconfig"; sourceTree = "<group>"; };
		D8BDFA41B82D956F6567764E /* libPods-DeviceMaintain.a */ = {isa = PBXFileReference; explicitFileType = archive.ar; includeInIndex = 0; path = "libPods-DeviceMaintain.a"; sourceTree = BUILT_PRODUCTS_DIR; };
/* End PBXFileReference section */

/* Begin PBXFrameworksBuildPhase section */
		03F55BA620626972009F8D3C /* Frameworks */ = {
			isa = PBXFrameworksBuildPhase;
			buildActionMask = 2147483647;
			files = (
				8E5C5CB90A61EAA4EDD05865 /* libPods-DeviceMaintain.a in Frameworks */,
			);
			runOnlyForDeploymentPostprocessing = 0;
		};
/* End PBXFrameworksBuildPhase section */

/* Begin PBXGroup section */
		03159CB12077516D00402179 /* Model */ = {
			isa = PBXGroup;
			children = (
				03159CB2207751E100402179 /* LFExamineDetailModel.h */,
				03159CB3207751E100402179 /* LFExamineDetailModel.m */,
			);
			path = Model;
			sourceTree = "<group>";
		};
		03159CB5207751EF00402179 /* ViewModel */ = {
			isa = PBXGroup;
			children = (
				03159CB6207751FC00402179 /* LFExamineViewModel.h */,
				03159CB7207751FC00402179 /* LFExamineViewModel.m */,
			);
			path = ViewModel;
			sourceTree = "<group>";
		};
		03159CB92077556A00402179 /* Tool */ = {
			isa = PBXGroup;
			children = (
				03159CBA2077558400402179 /* LFExamineTool.h */,
				03159CBB2077558400402179 /* LFExamineTool.m */,
			);
			name = Tool;
			path = DeviceMaintain/Module/Examine/Tool;
			sourceTree = SOURCE_ROOT;
		};
		03159CBE20777B7200402179 /* Model */ = {
			isa = PBXGroup;
			children = (
				03159CC220777B9D00402179 /* LFFaultModel.h */,
				03159CC320777B9D00402179 /* LFFaultModel.m */,
				03159CCB2077BDDB00402179 /* LFSolutionModel.h */,
				03159CCC2077BDDB00402179 /* LFSolutionModel.m */,
			);
			name = Model;
			path = DeviceMaintain/Module/Feedback/Model;
			sourceTree = SOURCE_ROOT;
		};
		03159CBF20777B7200402179 /* View */ = {
			isa = PBXGroup;
			children = (
				03159CCE2077C03300402179 /* LFSolutionCell.h */,
				03159CCF2077C03300402179 /* LFSolutionCell.m */,
				03159CD02077C03300402179 /* LFSolutionCell.xib */,
			);
			name = View;
			path = DeviceMaintain/Module/Feedback/View;
			sourceTree = SOURCE_ROOT;
		};
		03159CC020777B7200402179 /* ViewModel */ = {
			isa = PBXGroup;
			children = (
				03159CC520777BAF00402179 /* LFFeedbackViewModel.h */,
				03159CC620777BAF00402179 /* LFFeedbackViewModel.m */,
			);
			name = ViewModel;
			path = DeviceMaintain/Module/Feedback/ViewModel;
			sourceTree = SOURCE_ROOT;
		};
		03159CC120777B7300402179 /* Tool */ = {
			isa = PBXGroup;
			children = (
			);
			name = Tool;
			path = DeviceMaintain/Module/Feedback/Tool;
			sourceTree = SOURCE_ROOT;
		};
		0338DE6D2073D24800D53D53 /* Feedback */ = {
			isa = PBXGroup;
			children = (
				0338DE6E2073D24800D53D53 /* Feedback.storyboard */,
				0338DE6F2073D24800D53D53 /* Controller */,
				03159CC020777B7200402179 /* ViewModel */,
				03159CBE20777B7200402179 /* Model */,
				03159CC120777B7300402179 /* Tool */,
				03159CBF20777B7200402179 /* View */,
			);
			path = Feedback;
			sourceTree = "<group>";
		};
		0338DE6F2073D24800D53D53 /* Controller */ = {
			isa = PBXGroup;
			children = (
				0338DE742073D27700D53D53 /* LFFeedbackViewController.h */,
				0338DE752073D27700D53D53 /* LFFeedbackViewController.m */,
				03159CAB20774CC000402179 /* LFFeedbackDetailViewController.h */,
				03159CAC20774CC000402179 /* LFFeedbackDetailViewController.m */,
				03159CC820778A7800402179 /* LFSolutionViewController.h */,
				03159CC920778A7800402179 /* LFSolutionViewController.m */,
			);
			path = Controller;
			sourceTree = "<group>";
		};
		0338DE712073D24E00D53D53 /* Examine */ = {
			isa = PBXGroup;
			children = (
				0338DE722073D24E00D53D53 /* Examine.storyboard */,
				0338DE772073D2E100D53D53 /* Controller */,
				03159CB5207751EF00402179 /* ViewModel */,
				03159CB12077516D00402179 /* Model */,
				03159CB92077556A00402179 /* Tool */,
			);
			path = Examine;
			sourceTree = "<group>";
		};
		0338DE772073D2E100D53D53 /* Controller */ = {
			isa = PBXGroup;
			children = (
				0338DE782073D2EC00D53D53 /* LFExamineViewController.h */,
				0338DE792073D2EC00D53D53 /* LFExamineViewController.m */,
				03159CAE2077507000402179 /* LFExamineDetailViewController.h */,
				03159CAF2077507000402179 /* LFExamineDetailViewController.m */,
			);
			path = Controller;
			sourceTree = "<group>";
		};
		0346FC1F2070B9EC00AEE6FF /* Macro */ = {
			isa = PBXGroup;
			children = (
				0346FC202070B9FE00AEE6FF /* LFMacro.h */,
				0346FC212070BA1B00AEE6FF /* LFLog.h */,
				0346FC222070BA1B00AEE6FF /* LFSystem.h */,
				0346FC482070D23900AEE6FF /* LFUrl.h */,
				0346FC4A2070E43000AEE6FF /* LFCustom.h */,
				0346FC6C20713CE600AEE6FF /* LFFunction.h */,
			);
			path = Macro;
			sourceTree = "<group>";
		};
		0346FC292070BF1400AEE6FF /* LFNotification */ = {
			isa = PBXGroup;
			children = (
				0346FC2A2070BF1400AEE6FF /* MBProgressHUD.m */,
				0346FC2B2070BF1400AEE6FF /* LFNotification.h */,
				0346FC2C2070BF1400AEE6FF /* MBProgressHUD.h */,
				0346FC2D2070BF1400AEE6FF /* LFNotification.m */,
			);
			path = LFNotification;
			sourceTree = "<group>";
		};
		03F55BA020626972009F8D3C = {
			isa = PBXGroup;
			children = (
				03F55BAB20626972009F8D3C /* DeviceMaintain */,
				03F55BAA20626972009F8D3C /* Products */,
				C537268E2B782A5E6BB840D4 /* Pods */,
				E2B31BA2E6C98DF4C0D81C72 /* Frameworks */,
			);
			sourceTree = "<group>";
		};
		03F55BAA20626972009F8D3C /* Products */ = {
			isa = PBXGroup;
			children = (
				03F55BA920626972009F8D3C /* DeviceMaintain.app */,
			);
			name = Products;
			sourceTree = "<group>";
		};
		03F55BAB20626972009F8D3C /* DeviceMaintain */ = {
			isa = PBXGroup;
			children = (
				03F55BB520626973009F8D3C /* Assets.xcassets */,
				03F55BC2206269BE009F8D3C /* AppDelegate */,
				03F55BCB206271ED009F8D3C /* User */,
				03F55BFC20627464009F8D3C /* Module */,
				03F55BF620627464009F8D3C /* Other */,
				03F55BC620626A1C009F8D3C /* Supporting Files */,
			);
			path = DeviceMaintain;
			sourceTree = "<group>";
		};
		03F55BC2206269BE009F8D3C /* AppDelegate */ = {
			isa = PBXGroup;
			children = (
				03F55BC3206269BE009F8D3C /* AppDelegate.h */,
				03F55BC4206269BE009F8D3C /* AppDelegate.m */,
			);
			path = AppDelegate;
			sourceTree = "<group>";
		};
		03F55BC620626A1C009F8D3C /* Supporting Files */ = {
			isa = PBXGroup;
			children = (
				03F55BB720626973009F8D3C /* LaunchScreen.storyboard */,
				03F55BC720626A1C009F8D3C /* main.m */,
				03F55BC820626A1C009F8D3C /* Info.plist */,
				03F55C3F20628FAC009F8D3C /* PrefixHeader.pch */,
			);
			path = "Supporting Files";
			sourceTree = "<group>";
		};
		03F55BCB206271ED009F8D3C /* User */ = {
			isa = PBXGroup;
			children = (
				0346FC3F2070CD1500AEE6FF /* LFUser.h */,
				0346FC402070CD1500AEE6FF /* LFUser.m */,
				0346FC422070CD5500AEE6FF /* LFUserManager.h */,
				0346FC432070CD5500AEE6FF /* LFUserManager.m */,
			);
			path = User;
			sourceTree = "<group>";
		};
		03F55BF620627464009F8D3C /* Other */ = {
			isa = PBXGroup;
			children = (
				0346FC1F2070B9EC00AEE6FF /* Macro */,
				03F55BF720627464009F8D3C /* Tools */,
				03F55BF820627464009F8D3C /* Category */,
				03F55BF920627464009F8D3C /* Network */,
				03F55BFA20627464009F8D3C /* Const */,
				03F55BFB20627464009F8D3C /* Vendor */,
			);
			path = Other;
			sourceTree = "<group>";
		};
		03F55BF720627464009F8D3C /* Tools */ = {
			isa = PBXGroup;
			children = (
				0346FC262070BB0300AEE6FF /* LFTools.h */,
				0346FC272070BB0300AEE6FF /* LFTools.m */,
				0346FC292070BF1400AEE6FF /* LFNotification */,
			);
			path = Tools;
			sourceTree = "<group>";
		};
		03F55BF820627464009F8D3C /* Category */ = {
			isa = PBXGroup;
			children = (
				03F55C44206297D7009F8D3C /* LFCategory.h */,
				03F55C40206297C2009F8D3C /* UIColor+LFCategory.h */,
				03F55C41206297C2009F8D3C /* UIColor+LFCategory.m */,
				0346FC3C2070C31F00AEE6FF /* UIViewController+LFCategory.h */,
				0346FC3D2070C32600AEE6FF /* UIViewController+LFCategory.m */,
				0346FC452070D03400AEE6FF /* NSString+LFCategory.h */,
				0346FC462070D03400AEE6FF /* NSString+LFCategory.m */,
				0346FC5E20712AA200AEE6FF /* UIBarButtonItem+LFCategory.h */,
				0346FC5D20712AA200AEE6FF /* UIBarButtonItem+LFCategory.m */,
				0396055620766F2C00412EAF /* NSArray+LFCategory.h */,
				0396055720766F2C00412EAF /* NSArray+LFCategory.m */,
			);
			path = Category;
			sourceTree = "<group>";
		};
		03F55BF920627464009F8D3C /* Network */ = {
			isa = PBXGroup;
			children = (
				0346FC382070C04C00AEE6FF /* LFNetWorking.h */,
				0346FC372070C04C00AEE6FF /* LFNetWorking.m */,
			);
			path = Network;
			sourceTree = "<group>";
		};
		03F55BFA20627464009F8D3C /* Const */ = {
			isa = PBXGroup;
			children = (
				0346FC1C2070B7A900AEE6FF /* LFConst.h */,
				03C2EC6820727CCF00BA63C3 /* LFColor.h */,
				0346FC1D2070B7B600AEE6FF /* LFKey.h */,
				03C2EC532072669C00BA63C3 /* LFStoryboardName.h */,
				03159CBD2077607500402179 /* LFNotification.h */,
			);
			path = Const;
			sourceTree = "<group>";
		};
		03F55BFB20627464009F8D3C /* Vendor */ = {
			isa = PBXGroup;
			children = (
			);
			path = Vendor;
			sourceTree = "<group>";
		};
		03F55BFC20627464009F8D3C /* Module */ = {
			isa = PBXGroup;
			children = (
				03F55C3320628E18009F8D3C /* Main.storyboard */,
				0378A7C62078CD400057E79B /* Main1.storyboard */,
				03F55C2220627464009F8D3C /* Login */,
				03F55C1020627464009F8D3C /* Receive */,
				0338DE6D2073D24800D53D53 /* Feedback */,
				0338DE712073D24E00D53D53 /* Examine */,
				03F55C0320627464009F8D3C /* Message */,
				03F55C1C20627464009F8D3C /* Profile */,
				03F55C1620627464009F8D3C /* Public */,
			);
			path = Module;
			sourceTree = "<group>";
		};
		03F55C0320627464009F8D3C /* Message */ = {
			isa = PBXGroup;
			children = (
				03F55C3B20628E91009F8D3C /* Message.storyboard */,
				03F55C0520627464009F8D3C /* Controller */,
				03F55C0420627464009F8D3C /* ViewModel */,
				03F55C0620627464009F8D3C /* Model */,
				03F55C0720627464009F8D3C /* View */,
				03F55C0820627464009F8D3C /* Tool */,
			);
			path = Message;
			sourceTree = "<group>";
		};
		03F55C0420627464009F8D3C /* ViewModel */ = {
			isa = PBXGroup;
			children = (
				03C2EC6920727FE100BA63C3 /* LFMessageViewModel.h */,
				03C2EC6A20727FE100BA63C3 /* LFMessageViewModel.m */,
			);
			path = ViewModel;
			sourceTree = "<group>";
		};
		03F55C0520627464009F8D3C /* Controller */ = {
			isa = PBXGroup;
			children = (
				03C2EC602072798300BA63C3 /* LFMessageViewController.h */,
				03C2EC612072798E00BA63C3 /* LFMessageViewController.m */,
				0338DE462073C39C00D53D53 /* LFMessageDetailViewController.h */,
				0338DE472073C39C00D53D53 /* LFMessageDetailViewController.m */,
			);
			path = Controller;
			sourceTree = "<group>";
		};
		03F55C0620627464009F8D3C /* Model */ = {
			isa = PBXGroup;
			children = (
				03C2EC6C20727FED00BA63C3 /* LFMessageModel.h */,
				03C2EC6D20727FED00BA63C3 /* LFMessageModel.m */,
			);
			path = Model;
			sourceTree = "<group>";
		};
		03F55C0720627464009F8D3C /* View */ = {
			isa = PBXGroup;
			children = (
				03C2EC6F2072800400BA63C3 /* LFMessageCell.h */,
				03C2EC702072800400BA63C3 /* LFMessageCell.m */,
				03C2EC712072800400BA63C3 /* LFMessageCell.xib */,
			);
			path = View;
			sourceTree = "<group>";
		};
		03F55C0820627464009F8D3C /* Tool */ = {
			isa = PBXGroup;
			children = (
				03C2EC742072801500BA63C3 /* LFMessageTool.h */,
				03C2EC752072801500BA63C3 /* LFMessageTool.m */,
			);
			path = Tool;
			sourceTree = "<group>";
		};
		03F55C1020627464009F8D3C /* Receive */ = {
			isa = PBXGroup;
			children = (
				03F55C3520628E67009F8D3C /* Receive.storyboard */,
				03F55C1220627464009F8D3C /* Controller */,
				03F55C1120627464009F8D3C /* ViewModel */,
				03F55C1320627464009F8D3C /* Model */,
				03F55C1420627464009F8D3C /* View */,
				03F55C1520627464009F8D3C /* Tool */,
			);
			path = Receive;
			sourceTree = "<group>";
		};
		03F55C1120627464009F8D3C /* ViewModel */ = {
			isa = PBXGroup;
			children = (
				03FEF0E52075FA90007B8812 /* LFApplyViewModel.h */,
				03FEF0E62075FA90007B8812 /* LFApplyViewModel.m */,
			);
			path = ViewModel;
			sourceTree = "<group>";
		};
		03F55C1220627464009F8D3C /* Controller */ = {
			isa = PBXGroup;
			children = (
				0346FC512070FB7700AEE6FF /* LFReceiveViewController.h */,
				0346FC522070FB7700AEE6FF /* LFReceiveViewController.m */,
				03FEF0E22075F4FF007B8812 /* LFReplyViewController.h */,
				03FEF0E32075F4FF007B8812 /* LFReplyViewController.m */,
				03FEF0EB20760242007B8812 /* LFManufacturerNumberViewController.h */,
				03FEF0EC20760242007B8812 /* LFManufacturerNumberViewController.m */,
				0396054B20762D5D00412EAF /* LFUserViewController.h */,
				0396054C20762D5D00412EAF /* LFUserViewController.m */,
			);
			path = Controller;
			sourceTree = "<group>";
		};
		03F55C1320627464009F8D3C /* Model */ = {
			isa = PBXGroup;
			children = (
				03FEF0EE20760B71007B8812 /* LFDeviceModel.h */,
				03FEF0EF20760B71007B8812 /* LFDeviceModel.m */,
				0396055320762E8700412EAF /* LFUserModel.h */,
				0396055420762E8700412EAF /* LFUserModel.m */,
			);
			path = Model;
			sourceTree = "<group>";
		};
		03F55C1420627464009F8D3C /* View */ = {
			isa = PBXGroup;
			children = (
				03FEF0F120760DB0007B8812 /* LFDeviceCell.h */,
				03FEF0F220760DB0007B8812 /* LFDeviceCell.m */,
				03FEF0F320760DB0007B8812 /* LFDeviceCell.xib */,
				0396054E20762E4D00412EAF /* LFUserCell.h */,
				0396054F20762E4D00412EAF /* LFUserCell.m */,
				0396055020762E4D00412EAF /* LFUserCell.xib */,
			);
			path = View;
			sourceTree = "<group>";
		};
		03F55C1520627464009F8D3C /* Tool */ = {
			isa = PBXGroup;
			children = (
				03960548207629C900412EAF /* LFReceiveTool.h */,
				03960549207629C900412EAF /* LFReceiveTool.m */,
			);
			path = Tool;
			sourceTree = "<group>";
		};
		03F55C1620627464009F8D3C /* Public */ = {
			isa = PBXGroup;
			children = (
				03F55C1820627464009F8D3C /* Controller */,
				03F55C1720627464009F8D3C /* ViewModel */,
				03F55C1920627464009F8D3C /* Model */,
				03F55C1A20627464009F8D3C /* View */,
				03F55C1B20627464009F8D3C /* Tool */,
			);
			path = Public;
			sourceTree = "<group>";
		};
		03F55C1720627464009F8D3C /* ViewModel */ = {
			isa = PBXGroup;
			children = (
				0338DE622073CAFE00D53D53 /* LFRepairViewModel.h */,
				0338DE632073CAFE00D53D53 /* LFRepairViewModel.m */,
			);
			path = ViewModel;
			sourceTree = "<group>";
		};
		03F55C1820627464009F8D3C /* Controller */ = {
			isa = PBXGroup;
			children = (
				0338DE6B2073CE1B00D53D53 /* Public.storyboard */,
				03F55C2720627574009F8D3C /* LFNavigationController.h */,
				03F55C2420627574009F8D3C /* LFNavigationController.m */,
				03F55C2620627574009F8D3C /* LFTabBarController.h */,
				03F55C2520627574009F8D3C /* LFTabBarController.m */,
				03F55C2E206281DD009F8D3C /* LFViewController.h */,
				03F55C2F206281DD009F8D3C /* LFViewController.m */,
				03C2EC5B207276E300BA63C3 /* LFPageViewController.h */,
				03C2EC5A207276E300BA63C3 /* LFPageViewController.m */,
				0338DE4C2073C98100D53D53 /* LFRepairViewController.h */,
				0338DE4D2073C98100D53D53 /* LFRepairViewController.m */,
				0338DE652073CB3B00D53D53 /* LFRepairDetailViewController.h */,
				0338DE662073CB3B00D53D53 /* LFRepairDetailViewController.m */,
				03FEF0E92075FFA5007B8812 /* LFDatePickerViewController.h */,
				03FEF0E82075FFA5007B8812 /* LFDatePickerViewController.m */,
			);
			path = Controller;
			sourceTree = "<group>";
		};
		03F55C1920627464009F8D3C /* Model */ = {
			isa = PBXGroup;
			children = (
				0338DE592073CAEA00D53D53 /* LFRepairModel.h */,
				0338DE572073CAEA00D53D53 /* LFRepairModel.m */,
				0338DE582073CAEA00D53D53 /* LFRepairDetailModel.h */,
				0338DE5A2073CAEA00D53D53 /* LFRepairDetailModel.m */,
			);
			path = Model;
			sourceTree = "<group>";
		};
		03F55C1A20627464009F8D3C /* View */ = {
			isa = PBXGroup;
			children = (
				0346FC4B2070E89600AEE6FF /* LFRefreshHeader.h */,
				0346FC4C2070E89600AEE6FF /* LFRefreshHeader.m */,
				0346FC4E2070E8A800AEE6FF /* LFRefreshFooter.h */,
				0346FC4F2070E8A800AEE6FF /* LFRefreshFooter.m */,
				03C2EC5E207276FE00BA63C3 /* LFTabView.h */,
				03C2EC5D207276FE00BA63C3 /* LFTabView.m */,
				0338DE5F2073CAF600D53D53 /* LFRepairCell.h */,
				0338DE5D2073CAF600D53D53 /* LFRepairCell.m */,
				0338DE5E2073CAF600D53D53 /* LFRepairCell.xib */,
				03159CA8207743DB00402179 /* LFNoDataView.h */,
				03159CA7207743DB00402179 /* LFNoDataView.m */,
				03159CA6207743DB00402179 /* LFNoDataView.xib */,
			);
			path = View;
			sourceTree = "<group>";
		};
		03F55C1B20627464009F8D3C /* Tool */ = {
			isa = PBXGroup;
			children = (
				0338DE682073CB5200D53D53 /* LFPublicTool.h */,
				0338DE692073CB5200D53D53 /* LFPublicTool.m */,
			);
			path = Tool;
			sourceTree = "<group>";
		};
		03F55C1C20627464009F8D3C /* Profile */ = {
			isa = PBXGroup;
			children = (
				03F55C3D20628E9B009F8D3C /* Profile.storyboard */,
				03F55C1E20627464009F8D3C /* Controller */,
				03F55C1D20627464009F8D3C /* ViewModel */,
				03F55C1F20627464009F8D3C /* Model */,
				03F55C2020627464009F8D3C /* View */,
				03F55C2120627464009F8D3C /* Tool */,
			);
			path = Profile;
			sourceTree = "<group>";
		};
		03F55C1D20627464009F8D3C /* ViewModel */ = {
			isa = PBXGroup;
			children = (
			);
			path = ViewModel;
			sourceTree = "<group>";
		};
		03F55C1E20627464009F8D3C /* Controller */ = {
			isa = PBXGroup;
			children = (
				0346FC5420711CD100AEE6FF /* LFProfileViewController.h */,
				0346FC5520711CD100AEE6FF /* LFProfileViewController.m */,
				0346FC5A2071238F00AEE6FF /* LFHistoryRepairViewController.h */,
				0346FC5B2071238F00AEE6FF /* LFHistoryRepairViewController.m */,
			);
			path = Controller;
			sourceTree = "<group>";
		};
		03F55C1F20627464009F8D3C /* Model */ = {
			isa = PBXGroup;
			children = (
			);
			path = Model;
			sourceTree = "<group>";
		};
		03F55C2020627464009F8D3C /* View */ = {
			isa = PBXGroup;
			children = (
			);
			path = View;
			sourceTree = "<group>";
		};
		03F55C2120627464009F8D3C /* Tool */ = {
			isa = PBXGroup;
			children = (
				0346FC6020712C2E00AEE6FF /* LFProfileTool.h */,
				0346FC6120712C2E00AEE6FF /* LFProfileTool.m */,
			);
			path = Tool;
			sourceTree = "<group>";
		};
		03F55C2220627464009F8D3C /* Login */ = {
			isa = PBXGroup;
			children = (
				03F55C3120628D13009F8D3C /* Login.storyboard */,
				03F55C2B20628197009F8D3C /* LFLoginViewController.h */,
				03F55C2C20628197009F8D3C /* LFLoginViewController.m */,
				0346FC232070BAE700AEE6FF /* LFLoginTool.h */,
				0346FC242070BAE700AEE6FF /* LFLoginTool.m */,
				0346FC712071408100AEE6FF /* LFLoginViewModel.h */,
				0346FC702071408100AEE6FF /* LFLoginViewModel.m */,
			);
			path = Login;
			sourceTree = "<group>";
		};
		C537268E2B782A5E6BB840D4 /* Pods */ = {
			isa = PBXGroup;
			children = (
				1ADAE15E981C45E473C39D9A /* Pods-DeviceMaintain.debug.xcconfig */,
				96859EB96395A088C769DFA6 /* Pods-DeviceMaintain.release.xcconfig */,
			);
			name = Pods;
			sourceTree = "<group>";
		};
		E2B31BA2E6C98DF4C0D81C72 /* Frameworks */ = {
			isa = PBXGroup;
			children = (
				D8BDFA41B82D956F6567764E /* libPods-DeviceMaintain.a */,
			);
			name = Frameworks;
			sourceTree = "<group>";
		};
/* End PBXGroup section */

/* Begin PBXNativeTarget section */
		03F55BA820626972009F8D3C /* DeviceMaintain */ = {
			isa = PBXNativeTarget;
			buildConfigurationList = 03F55BBF20626973009F8D3C /* Build configuration list for PBXNativeTarget "DeviceMaintain" */;
			buildPhases = (
				0869DEE983A8E0B625A5DBC6 /* [CP] Check Pods Manifest.lock */,
				03F55BA520626972009F8D3C /* Sources */,
				03F55BA620626972009F8D3C /* Frameworks */,
				03F55BA720626972009F8D3C /* Resources */,
				73419E7AC1C7D2680BD325DD /* [CP] Embed Pods Frameworks */,
				A5AF63FF3EC5D4CD0CE5DD61 /* [CP] Copy Pods Resources */,
			);
			buildRules = (
			);
			dependencies = (
			);
			name = DeviceMaintain;
			productName = DeviceMaintain;
			productReference = 03F55BA920626972009F8D3C /* DeviceMaintain.app */;
			productType = "com.apple.product-type.application";
		};
/* End PBXNativeTarget section */

/* Begin PBXProject section */
		03F55BA120626972009F8D3C /* Project object */ = {
			isa = PBXProject;
			attributes = {
				CLASSPREFIX = LF;
				LastUpgradeCheck = 0920;
				ORGANIZATIONNAME = liufeng;
				TargetAttributes = {
					03F55BA820626972009F8D3C = {
						CreatedOnToolsVersion = 9.2;
						ProvisioningStyle = Automatic;
					};
				};
			};
			buildConfigurationList = 03F55BA420626972009F8D3C /* Build configuration list for PBXProject "DeviceMaintain" */;
			compatibilityVersion = "Xcode 8.0";
			developmentRegion = en;
			hasScannedForEncodings = 0;
			knownRegions = (
				en,
				Base,
			);
			mainGroup = 03F55BA020626972009F8D3C;
			productRefGroup = 03F55BAA20626972009F8D3C /* Products */;
			projectDirPath = "";
			projectRoot = "";
			targets = (
				03F55BA820626972009F8D3C /* DeviceMaintain */,
			);
		};
/* End PBXProject section */

/* Begin PBXResourcesBuildPhase section */
		03F55BA720626972009F8D3C /* Resources */ = {
			isa = PBXResourcesBuildPhase;
			buildActionMask = 2147483647;
			files = (
				03F55C3620628E67009F8D3C /* Receive.storyboard in Resources */,
				03F55C3220628D13009F8D3C /* Login.storyboard in Resources */,
				03159CD22077C03300402179 /* LFSolutionCell.xib in Resources */,
				03F55BB920626973009F8D3C /* LaunchScreen.storyboard in Resources */,
				0338DE612073CAF700D53D53 /* LFRepairCell.xib in Resources */,
				0338DE732073D24E00D53D53 /* Examine.storyboard in Resources */,
				03159CA9207743DB00402179 /* LFNoDataView.xib in Resources */,
				03F55BB620626973009F8D3C /* Assets.xcassets in Resources */,
				0396055220762E4D00412EAF /* LFUserCell.xib in Resources */,
				03F55C3E20628E9B009F8D3C /* Profile.storyboard in Resources */,
				03FEF0F520760DB0007B8812 /* LFDeviceCell.xib in Resources */,
				03F55C3C20628E91009F8D3C /* Message.storyboard in Resources */,
				03C2EC732072800400BA63C3 /* LFMessageCell.xib in Resources */,
				03F55C3420628E18009F8D3C /* Main.storyboard in Resources */,
				0378A7C72078CD400057E79B /* Main1.storyboard in Resources */,
				0338DE702073D24900D53D53 /* Feedback.storyboard in Resources */,
				0338DE6C2073CE1B00D53D53 /* Public.storyboard in Resources */,
			);
			runOnlyForDeploymentPostprocessing = 0;
		};
/* End PBXResourcesBuildPhase section */

/* Begin PBXShellScriptBuildPhase section */
		0869DEE983A8E0B625A5DBC6 /* [CP] Check Pods Manifest.lock */ = {
			isa = PBXShellScriptBuildPhase;
			buildActionMask = 2147483647;
			files = (
			);
			inputPaths = (
				"${PODS_PODFILE_DIR_PATH}/Podfile.lock",
				"${PODS_ROOT}/Manifest.lock",
			);
			name = "[CP] Check Pods Manifest.lock";
			outputPaths = (
				"$(DERIVED_FILE_DIR)/Pods-DeviceMaintain-checkManifestLockResult.txt",
			);
			runOnlyForDeploymentPostprocessing = 0;
			shellPath = /bin/sh;
			shellScript = "diff \"${PODS_PODFILE_DIR_PATH}/Podfile.lock\" \"${PODS_ROOT}/Manifest.lock\" > /dev/null\nif [ $? != 0 ] ; then\n    # print error to STDERR\n    echo \"error: The sandbox is not in sync with the Podfile.lock. Run 'pod install' or update your CocoaPods installation.\" >&2\n    exit 1\nfi\n# This output is used by Xcode 'outputs' to avoid re-running this script phase.\necho \"SUCCESS\" > \"${SCRIPT_OUTPUT_FILE_0}\"\n";
			showEnvVarsInLog = 0;
		};
		73419E7AC1C7D2680BD325DD /* [CP] Embed Pods Frameworks */ = {
			isa = PBXShellScriptBuildPhase;
			buildActionMask = 2147483647;
			files = (
			);
			inputPaths = (
			);
			name = "[CP] Embed Pods Frameworks";
			outputPaths = (
			);
			runOnlyForDeploymentPostprocessing = 0;
			shellPath = /bin/sh;
			shellScript = "\"${SRCROOT}/Pods/Target Support Files/Pods-DeviceMaintain/Pods-DeviceMaintain-frameworks.sh\"\n";
			showEnvVarsInLog = 0;
		};
		A5AF63FF3EC5D4CD0CE5DD61 /* [CP] Copy Pods Resources */ = {
			isa = PBXShellScriptBuildPhase;
			buildActionMask = 2147483647;
			files = (
			);
			inputPaths = (
				"${SRCROOT}/Pods/Target Support Files/Pods-DeviceMaintain/Pods-DeviceMaintain-resources.sh",
				"${PODS_ROOT}/MJRefresh/MJRefresh/MJRefresh.bundle",
			);
			name = "[CP] Copy Pods Resources";
			outputPaths = (
				"${TARGET_BUILD_DIR}/${UNLOCALIZED_RESOURCES_FOLDER_PATH}",
			);
			runOnlyForDeploymentPostprocessing = 0;
			shellPath = /bin/sh;
			shellScript = "\"${SRCROOT}/Pods/Target Support Files/Pods-DeviceMaintain/Pods-DeviceMaintain-resources.sh\"\n";
			showEnvVarsInLog = 0;
		};
/* End PBXShellScriptBuildPhase section */

/* Begin PBXSourcesBuildPhase section */
		03F55BA520626972009F8D3C /* Sources */ = {
			isa = PBXSourcesBuildPhase;
			buildActionMask = 2147483647;
			files = (
				03159CCD2077BDDB00402179 /* LFSolutionModel.m in Sources */,
				03159CAD20774CC000402179 /* LFFeedbackDetailViewController.m in Sources */,
				0338DE642073CAFE00D53D53 /* LFRepairViewModel.m in Sources */,
				03FEF0F020760B71007B8812 /* LFDeviceModel.m in Sources */,
				03F55C2820627574009F8D3C /* LFNavigationController.m in Sources */,
				0338DE7A2073D2EC00D53D53 /* LFExamineViewController.m in Sources */,
				03C2EC622072798E00BA63C3 /* LFMessageViewController.m in Sources */,
				0338DE5C2073CAEA00D53D53 /* LFRepairDetailModel.m in Sources */,
				03C2EC5C207276E300BA63C3 /* LFPageViewController.m in Sources */,
				0346FC252070BAE700AEE6FF /* LFLoginTool.m in Sources */,
				03F55C2920627574009F8D3C /* LFTabBarController.m in Sources */,
				03FEF0ED20760242007B8812 /* LFManufacturerNumberViewController.m in Sources */,
				0346FC472070D03400AEE6FF /* NSString+LFCategory.m in Sources */,
				03C2EC722072800400BA63C3 /* LFMessageCell.m in Sources */,
				0346FC2F2070BF1500AEE6FF /* LFNotification.m in Sources */,
				03159CB4207751E100402179 /* LFExamineDetailModel.m in Sources */,
				03159CC720777BAF00402179 /* LFFeedbackViewModel.m in Sources */,
				03F55C30206281DD009F8D3C /* LFViewController.m in Sources */,
				03FEF0EA2075FFA6007B8812 /* LFDatePickerViewController.m in Sources */,
				0346FC532070FB7700AEE6FF /* LFReceiveViewController.m in Sources */,
				03159CB02077507000402179 /* LFExamineDetailViewController.m in Sources */,
				03F55C2D20628197009F8D3C /* LFLoginViewController.m in Sources */,
				03F55BC920626A1C009F8D3C /* main.m in Sources */,
				0346FC4D2070E89600AEE6FF /* LFRefreshHeader.m in Sources */,
				0346FC5F20712AA200AEE6FF /* UIBarButtonItem+LFCategory.m in Sources */,
				03FEF0E42075F4FF007B8812 /* LFReplyViewController.m in Sources */,
				03159CB8207751FC00402179 /* LFExamineViewModel.m in Sources */,
				0346FC5C2071238F00AEE6FF /* LFHistoryRepairViewController.m in Sources */,
				03F55BC5206269BE009F8D3C /* AppDelegate.m in Sources */,
				0346FC3E2070C32600AEE6FF /* UIViewController+LFCategory.m in Sources */,
				03C2EC762072801500BA63C3 /* LFMessageTool.m in Sources */,
				03159CAA207743DB00402179 /* LFNoDataView.m in Sources */,
				0338DE672073CB3B00D53D53 /* LFRepairDetailViewController.m in Sources */,
				03159CBC2077558400402179 /* LFExamineTool.m in Sources */,
				0346FC2E2070BF1500AEE6FF /* MBProgressHUD.m in Sources */,
				0338DE762073D27700D53D53 /* LFFeedbackViewController.m in Sources */,
				0396055120762E4D00412EAF /* LFUserCell.m in Sources */,
				0346FC502070E8A800AEE6FF /* LFRefreshFooter.m in Sources */,
				0346FC5620711CD100AEE6FF /* LFProfileViewController.m in Sources */,
				0346FC412070CD1500AEE6FF /* LFUser.m in Sources */,
				03159CC420777B9D00402179 /* LFFaultModel.m in Sources */,
				0338DE482073C39C00D53D53 /* LFMessageDetailViewController.m in Sources */,
				0346FC282070BB0300AEE6FF /* LFTools.m in Sources */,
				03159CD12077C03300402179 /* LFSolutionCell.m in Sources */,
				0338DE5B2073CAEA00D53D53 /* LFRepairModel.m in Sources */,
				03C2EC6E20727FED00BA63C3 /* LFMessageModel.m in Sources */,
				03FEF0E72075FA90007B8812 /* LFApplyViewModel.m in Sources */,
				03C2EC5F207276FE00BA63C3 /* LFTabView.m in Sources */,
				0396055820766F2C00412EAF /* NSArray+LFCategory.m in Sources */,
				03159CCA20778A7800402179 /* LFSolutionViewController.m in Sources */,
				0346FC6220712C2E00AEE6FF /* LFProfileTool.m in Sources */,
				0346FC3B2070C04C00AEE6FF /* LFNetWorking.m in Sources */,
				0346FC722071408100AEE6FF /* LFLoginViewModel.m in Sources */,
				0346FC442070CD5500AEE6FF /* LFUserManager.m in Sources */,
				0396054D20762D5D00412EAF /* LFUserViewController.m in Sources */,
				03F55C42206297C3009F8D3C /* UIColor+LFCategory.m in Sources */,
				0338DE602073CAF700D53D53 /* LFRepairCell.m in Sources */,
				03C2EC6B20727FE100BA63C3 /* LFMessageViewModel.m in Sources */,
				0396055520762E8700412EAF /* LFUserModel.m in Sources */,
				03FEF0F420760DB0007B8812 /* LFDeviceCell.m in Sources */,
				0396054A207629C900412EAF /* LFReceiveTool.m in Sources */,
				0338DE4E2073C98100D53D53 /* LFRepairViewController.m in Sources */,
				0338DE6A2073CB5200D53D53 /* LFPublicTool.m in Sources */,
			);
			runOnlyForDeploymentPostprocessing = 0;
		};
/* End PBXSourcesBuildPhase section */

/* Begin PBXVariantGroup section */
		03F55BB720626973009F8D3C /* LaunchScreen.storyboard */ = {
			isa = PBXVariantGroup;
			children = (
				03F55BB820626973009F8D3C /* Base */,
			);
			name = LaunchScreen.storyboard;
			sourceTree = "<group>";
		};
/* End PBXVariantGroup section */

/* Begin XCBuildConfiguration section */
		03F55BBD20626973009F8D3C /* Debug */ = {
			isa = XCBuildConfiguration;
			buildSettings = {
				ALWAYS_SEARCH_USER_PATHS = NO;
				CLANG_ANALYZER_NONNULL = YES;
				CLANG_ANALYZER_NUMBER_OBJECT_CONVERSION = YES_AGGRESSIVE;
				CLANG_CXX_LANGUAGE_STANDARD = "gnu++14";
				CLANG_CXX_LIBRARY = "libc++";
				CLANG_ENABLE_MODULES = YES;
				CLANG_ENABLE_OBJC_ARC = YES;
				CLANG_WARN_BLOCK_CAPTURE_AUTORELEASING = YES;
				CLANG_WARN_BOOL_CONVERSION = YES;
				CLANG_WARN_COMMA = YES;
				CLANG_WARN_CONSTANT_CONVERSION = YES;
				CLANG_WARN_DIRECT_OBJC_ISA_USAGE = YES_ERROR;
				CLANG_WARN_DOCUMENTATION_COMMENTS = YES;
				CLANG_WARN_EMPTY_BODY = YES;
				CLANG_WARN_ENUM_CONVERSION = YES;
				CLANG_WARN_INFINITE_RECURSION = YES;
				CLANG_WARN_INT_CONVERSION = YES;
				CLANG_WARN_NON_LITERAL_NULL_CONVERSION = YES;
				CLANG_WARN_OBJC_LITERAL_CONVERSION = YES;
				CLANG_WARN_OBJC_ROOT_CLASS = YES_ERROR;
				CLANG_WARN_RANGE_LOOP_ANALYSIS = YES;
				CLANG_WARN_STRICT_PROTOTYPES = YES;
				CLANG_WARN_SUSPICIOUS_MOVE = YES;
				CLANG_WARN_UNGUARDED_AVAILABILITY = YES_AGGRESSIVE;
				CLANG_WARN_UNREACHABLE_CODE = YES;
				CLANG_WARN__DUPLICATE_METHOD_MATCH = YES;
				CODE_SIGN_IDENTITY = "iPhone Developer";
				COPY_PHASE_STRIP = NO;
				DEBUG_INFORMATION_FORMAT = dwarf;
				ENABLE_STRICT_OBJC_MSGSEND = YES;
				ENABLE_TESTABILITY = YES;
				GCC_C_LANGUAGE_STANDARD = gnu11;
				GCC_DYNAMIC_NO_PIC = NO;
				GCC_NO_COMMON_BLOCKS = YES;
				GCC_OPTIMIZATION_LEVEL = 0;
				GCC_PREPROCESSOR_DEFINITIONS = (
					"DEBUG=1",
					"$(inherited)",
				);
				GCC_WARN_64_TO_32_BIT_CONVERSION = YES;
				GCC_WARN_ABOUT_RETURN_TYPE = YES_ERROR;
				GCC_WARN_UNDECLARED_SELECTOR = YES;
				GCC_WARN_UNINITIALIZED_AUTOS = YES_AGGRESSIVE;
				GCC_WARN_UNUSED_FUNCTION = YES;
				GCC_WARN_UNUSED_VARIABLE = YES;
				IPHONEOS_DEPLOYMENT_TARGET = 9.0;
				MTL_ENABLE_DEBUG_INFO = YES;
				ONLY_ACTIVE_ARCH = YES;
				SDKROOT = iphoneos;
			};
			name = Debug;
		};
		03F55BBE20626973009F8D3C /* Release */ = {
			isa = XCBuildConfiguration;
			buildSettings = {
				ALWAYS_SEARCH_USER_PATHS = NO;
				CLANG_ANALYZER_NONNULL = YES;
				CLANG_ANALYZER_NUMBER_OBJECT_CONVERSION = YES_AGGRESSIVE;
				CLANG_CXX_LANGUAGE_STANDARD = "gnu++14";
				CLANG_CXX_LIBRARY = "libc++";
				CLANG_ENABLE_MODULES = YES;
				CLANG_ENABLE_OBJC_ARC = YES;
				CLANG_WARN_BLOCK_CAPTURE_AUTORELEASING = YES;
				CLANG_WARN_BOOL_CONVERSION = YES;
				CLANG_WARN_COMMA = YES;
				CLANG_WARN_CONSTANT_CONVERSION = YES;
				CLANG_WARN_DIRECT_OBJC_ISA_USAGE = YES_ERROR;
				CLANG_WARN_DOCUMENTATION_COMMENTS = YES;
				CLANG_WARN_EMPTY_BODY = YES;
				CLANG_WARN_ENUM_CONVERSION = YES;
				CLANG_WARN_INFINITE_RECURSION = YES;
				CLANG_WARN_INT_CONVERSION = YES;
				CLANG_WARN_NON_LITERAL_NULL_CONVERSION = YES;
				CLANG_WARN_OBJC_LITERAL_CONVERSION = YES;
				CLANG_WARN_OBJC_ROOT_CLASS = YES_ERROR;
				CLANG_WARN_RANGE_LOOP_ANALYSIS = YES;
				CLANG_WARN_STRICT_PROTOTYPES = YES;
				CLANG_WARN_SUSPICIOUS_MOVE = YES;
				CLANG_WARN_UNGUARDED_AVAILABILITY = YES_AGGRESSIVE;
				CLANG_WARN_UNREACHABLE_CODE = YES;
				CLANG_WARN__DUPLICATE_METHOD_MATCH = YES;
				CODE_SIGN_IDENTITY = "iPhone Developer";
				COPY_PHASE_STRIP = NO;
				DEBUG_INFORMATION_FORMAT = "dwarf-with-dsym";
				ENABLE_NS_ASSERTIONS = NO;
				ENABLE_STRICT_OBJC_MSGSEND = YES;
				GCC_C_LANGUAGE_STANDARD = gnu11;
				GCC_NO_COMMON_BLOCKS = YES;
				GCC_WARN_64_TO_32_BIT_CONVERSION = YES;
				GCC_WARN_ABOUT_RETURN_TYPE = YES_ERROR;
				GCC_WARN_UNDECLARED_SELECTOR = YES;
				GCC_WARN_UNINITIALIZED_AUTOS = YES_AGGRESSIVE;
				GCC_WARN_UNUSED_FUNCTION = YES;
				GCC_WARN_UNUSED_VARIABLE = YES;
				IPHONEOS_DEPLOYMENT_TARGET = 9.0;
				MTL_ENABLE_DEBUG_INFO = NO;
				SDKROOT = iphoneos;
				VALIDATE_PRODUCT = YES;
			};
			name = Release;
		};
		03F55BC020626973009F8D3C /* Debug */ = {
			isa = XCBuildConfiguration;
			baseConfigurationReference = 1ADAE15E981C45E473C39D9A /* Pods-DeviceMaintain.debug.xcconfig */;
			buildSettings = {
				ASSETCATALOG_COMPILER_APPICON_NAME = AppIcon;
				CODE_SIGN_STYLE = Automatic;
				DEVELOPMENT_TEAM = JZ8BCQ3SD3;
				GCC_PREFIX_HEADER = "${SRCROOT}/DeviceMaintain/Supporting Files/PrefixHeader.pch";
				INFOPLIST_FILE = "$(SRCROOT)/DeviceMaintain/Supporting Files/Info.plist";
				LD_RUNPATH_SEARCH_PATHS = "$(inherited) @executable_path/Frameworks";
				PRODUCT_BUNDLE_IDENTIFIER = com.jtzn.DeviceMaintain;
				PRODUCT_NAME = "$(TARGET_NAME)";
				TARGETED_DEVICE_FAMILY = 1;
			};
			name = Debug;
		};
		03F55BC120626973009F8D3C /* Release */ = {
			isa = XCBuildConfiguration;
			baseConfigurationReference = 96859EB96395A088C769DFA6 /* Pods-DeviceMaintain.release.xcconfig */;
			buildSettings = {
				ASSETCATALOG_COMPILER_APPICON_NAME = AppIcon;
				CODE_SIGN_STYLE = Automatic;
				DEVELOPMENT_TEAM = JZ8BCQ3SD3;
				GCC_PREFIX_HEADER = "${SRCROOT}/DeviceMaintain/Supporting Files/PrefixHeader.pch";
				INFOPLIST_FILE = "$(SRCROOT)/DeviceMaintain/Supporting Files/Info.plist";
				LD_RUNPATH_SEARCH_PATHS = "$(inherited) @executable_path/Frameworks";
				PRODUCT_BUNDLE_IDENTIFIER = com.jtzn.DeviceMaintain;
				PRODUCT_NAME = "$(TARGET_NAME)";
				TARGETED_DEVICE_FAMILY = 1;
			};
			name = Release;
		};
/* End XCBuildConfiguration section */

/* Begin XCConfigurationList section */
		03F55BA420626972009F8D3C /* Build configuration list for PBXProject "DeviceMaintain" */ = {
			isa = XCConfigurationList;
			buildConfigurations = (
				03F55BBD20626973009F8D3C /* Debug */,
				03F55BBE20626973009F8D3C /* Release */,
			);
			defaultConfigurationIsVisible = 0;
			defaultConfigurationName = Release;
		};
		03F55BBF20626973009F8D3C /* Build configuration list for PBXNativeTarget "DeviceMaintain" */ = {
			isa = XCConfigurationList;
			buildConfigurations = (
				03F55BC020626973009F8D3C /* Debug */,
				03F55BC120626973009F8D3C /* Release */,
			);
			defaultConfigurationIsVisible = 0;
			defaultConfigurationName = Release;
		};
/* End XCConfigurationList section */
	};
	rootObject = 03F55BA120626972009F8D3C /* Project object */;
}
